# Generated by buf. DO NOT EDIT.
version: v1
deps:
  - remote: buf.build
    owner: googleapis
    repository: googleapis
    commit: cc916c31859748a68fd229a3c8d7a2e8
    digest: shake256:469b049d0eb04203d5272062636c078decefc96fec69739159c25d85349c50c34c7706918a8b216c5c27f76939df48452148cff8c5c3ae77fa6ba5c25c1b8bf8
  - remote: buf.build
    owner: ruifrodrigues
    repository: api
    commit: b14f66b69afb4dc1994c4bc766850770
    digest: shake256:2d154dde03245b5e97c76fa5d35fc8678383fbf27336296f386305fbc7ccb8dd2d630c749cd5ef470544a8311f4aebb23706e7826e35022207f7880dfe9137c1
